lockfileVersion: '9.0'

settings:
  autoInstallPeers: true
  excludeLinksFromLockfile: false

importers:

  .:
    devDependencies:
      cva:
        specifier: 1.0.0-beta.4
        version: 1.0.0-beta.4
      tailwind-merge:
        specifier: ^3.5.0
        version: 3.5.0

packages:

  clsx@2.1.1:
    resolution: {integrity: sha512-eYm0QWBtUrBWZWG0d386OGAw16Z995PiOVo2B7bjWSbHedGl5e0ZWaq65kOGgUSNesEIDkB9ISbTg/JK9dhCZA==}
    engines: {node: '>=6'}

  cva@1.0.0-beta.4:
    resolution: {integrity: sha512-F/JS9hScapq4DBVQXcK85l9U91M6ePeXoBMSp7vypzShoefUBxjQTo3g3935PUHgQd+IW77DjbPRIxugy4/GCQ==}
    peerDependencies:
      typescript: '>= 4.5.5'
    peerDependenciesMeta:
      typescript:
        optional: true

  tailwind-merge@3.5.0:
    resolution: {integrity: sha512-I8K9wewnVDkL1NTGoqWmVEIlUcB9gFriAEkXkfCjX5ib8ezGxtR3xD7iZIxrfArjEsH7F1CHD4RFUtxefdqV/A==}

snapshots:

  clsx@2.1.1: {}

  cva@1.0.0-beta.4:
    dependencies:
      clsx: 2.1.1

  tailwind-merge@3.5.0: {}
